
Microsoft Visual Studio Solution File, Format Version 12.00
# Visual Studio Version 16
VisualStudioVersion = 16.0.29609.76
MinimumVisualStudioVersion = 10.0.40219.1
Project("{FAE04EC0-301F-11D3-BF4B-00C04F79EFBC}") = "prjBigData", "prjBigData\prjBigData.csproj", "{C1D57878-9ADA-43E1-AD1E-93AAD36A87B1}"
EndProject
Global
	GlobalSection(SolutionConfigurationPlatforms) = preSolution
		Debug|Any CPU = Debug|Any CPU
		Release|Any CPU = Release|Any CPU
	EndGlobalSection
	GlobalSection(ProjectConfigurationPlatforms) = postSolution
		{C1D57878-9ADA-43E1-AD1E-93AAD36A87B1}.Debug|Any CPU.ActiveCfg = Debug|Any CPU
		{C1D57878-9ADA-43E1-AD1E-93AAD36A87B1}.Debug|Any CPU.Build.0 = Debug|Any CPU
		{C1D57878-9ADA-43E1-AD1E-93AAD36A87B1}.Release|Any CPU.ActiveCfg = Release|Any CPU
		{C1D57878-9ADA-43E1-AD1E-93AAD36A87B1}.Release|Any CPU.Build.0 = Release|Any CPU
	EndGlobalSection
	GlobalSection(SolutionProperties) = preSolution
		HideSolutionNode = FALSE
	EndGlobalSection
	GlobalSection(ExtensibilityGlobals) = postSolution
		SolutionGuid = {84FCCC6D-5467-49FB-BDEE-2D649B16B524}
	EndGlobalSection
EndGlobal
